// !$*UTF8*$!
{
	archiveVersion = 1;
	classes = {
	};
	objectVersion = 50;
	objects = {

/* Begin PBXBuildFile section */
		9CD6276C2277908800BFA348 /* Assets.xcassets in Resources */ = {isa = PBXBuildFile; fileRef = 9CD6276B2277908800BFA348 /* Assets.xcassets */; };
		9CD6277C227791D700BFA348 /* main.swift in Sources */ = {isa = PBXBuildFile; fileRef = 9CD62777227791D600BFA348 /* main.swift */; };
		9CD6277D227791D700BFA348 /* Settings.swift in Sources */ = {isa = PBXBuildFile; fileRef = 9CD62778227791D600BFA348 /* Settings.swift */; };
		9CD6277E227791D700BFA348 /* ElecsRow.swift in Sources */ = {isa = PBXBuildFile; fileRef = 9CD62779227791D600BFA348 /* ElecsRow.swift */; };
		9CD6277F227791D700BFA348 /* ChargeInfo.swift in Sources */ = {isa = PBXBuildFile; fileRef = 9CD6277A227791D600BFA348 /* ChargeInfo.swift */; };
		9CD62780227791D700BFA348 /* Utils.swift in Sources */ = {isa = PBXBuildFile; fileRef = 9CD6277B227791D700BFA348 /* Utils.swift */; };
		9CD6278822779C2000BFA348 /* AppDelegate.swift in Sources */ = {isa = PBXBuildFile; fileRef = 9CD6278722779C2000BFA348 /* AppDelegate.swift */; };
		9CD6278A22779C2000BFA348 /* ViewController.swift in Sources */ = {isa = PBXBuildFile; fileRef = 9CD6278922779C2000BFA348 /* ViewController.swift */; };
		9CD6278D22779C2000BFA348 /* Main.storyboard in Resources */ = {isa = PBXBuildFile; fileRef = 9CD6278B22779C2000BFA348 /* Main.storyboard */; };
		9CD6278F22779C2100BFA348 /* Assets.xcassets in Resources */ = {isa = PBXBuildFile; fileRef = 9CD6278E22779C2100BFA348 /* Assets.xcassets */; };
		9CD6279222779C2100BFA348 /* LaunchScreen.storyboard in Resources */ = {isa = PBXBuildFile; fileRef = 9CD6279022779C2100BFA348 /* LaunchScreen.storyboard */; };
		9CD6279A2277DE2200BFA348 /* main.swift in Resources */ = {isa = PBXBuildFile; fileRef = 9CD62777227791D600BFA348 /* main.swift */; };
		9CD6279D2277DE2900BFA348 /* ChargeInfo.swift in Resources */ = {isa = PBXBuildFile; fileRef = 9CD6277A227791D600BFA348 /* ChargeInfo.swift */; };
		9CD6279E2277DE2900BFA348 /* ElecsRow.swift in Resources */ = {isa = PBXBuildFile; fileRef = 9CD62779227791D600BFA348 /* ElecsRow.swift */; };
		9CD6279F2277DE2900BFA348 /* Settings.swift in Resources */ = {isa = PBXBuildFile; fileRef = 9CD62778227791D600BFA348 /* Settings.swift */; };
		9CD627A02277DE2900BFA348 /* Utils.swift in Resources */ = {isa = PBXBuildFile; fileRef = 9CD6277B227791D700BFA348 /* Utils.swift */; };
		9CD627A12277DEDF00BFA348 /* AppDelegate.swift in Resources */ = {isa = PBXBuildFile; fileRef = 9CD6278722779C2000BFA348 /* AppDelegate.swift */; };
		9CD627A22277DEDF00BFA348 /* ViewController.swift in Resources */ = {isa = PBXBuildFile; fileRef = 9CD6278922779C2000BFA348 /* ViewController.swift */; };
		9CD627A32277DEF400BFA348 /* ChargeInfo.swift in Resources */ = {isa = PBXBuildFile; fileRef = 9CD6277A227791D600BFA348 /* ChargeInfo.swift */; };
		9CD627A52277DEF400BFA348 /* Settings.swift in Resources */ = {isa = PBXBuildFile; fileRef = 9CD62778227791D600BFA348 /* Settings.swift */; };
		9CD627A62277DEF400BFA348 /* Utils.swift in Resources */ = {isa = PBXBuildFile; fileRef = 9CD6277B227791D700BFA348 /* Utils.swift */; };
		9CD627A72277DF5B00BFA348 /* ChargeInfo.swift in Sources */ = {isa = PBXBuildFile; fileRef = 9CD6277A227791D600BFA348 /* ChargeInfo.swift */; };
		9CD627A92277DF5B00BFA348 /* Settings.swift in Sources */ = {isa = PBXBuildFile; fileRef = 9CD62778227791D600BFA348 /* Settings.swift */; };
		9CD627AA2277DF5B00BFA348 /* Utils.swift in Sources */ = {isa = PBXBuildFile; fileRef = 9CD6277B227791D700BFA348 /* Utils.swift */; };
		9CD627AC2277DFBC00BFA348 /* Platform.swift in Sources */ = {isa = PBXBuildFile; fileRef = 9CD627AB2277DFBC00BFA348 /* Platform.swift */; };
		9CD627AD2277DFBC00BFA348 /* Platform.swift in Sources */ = {isa = PBXBuildFile; fileRef = 9CD627AB2277DFBC00BFA348 /* Platform.swift */; };
		9CD627AF2277E6DD00BFA348 /* BatteryUtils.swift in Sources */ = {isa = PBXBuildFile; fileRef = 9CD627AE2277E6DD00BFA348 /* BatteryUtils.swift */; };
		9CD627B12277E6EA00BFA348 /* BatteryUtils.swift in Sources */ = {isa = PBXBuildFile; fileRef = 9CD627B02277E6EA00BFA348 /* BatteryUtils.swift */; };
/* End PBXBuildFile section */

/* Begin PBXFileReference section */
		9CD627662277908700BFA348 /* Dry Electrics.app */ = {isa = PBXFileReference; explicitFileType = wrapper.application; includeInIndex = 0; path = "Dry Electrics.app"; sourceTree = BUILT_PRODUCTS_DIR; };
		9CD6276B2277908800BFA348 /* Assets.xcassets */ = {isa = PBXFileReference; lastKnownFileType = folder.assetcatalog; path = Assets.xcassets; sourceTree = "<group>"; };
		9CD627702277908800BFA348 /* Info.plist */ = {isa = PBXFileReference; lastKnownFileType = text.plist.xml; path = Info.plist; sourceTree = "<group>"; };
		9CD627712277908800BFA348 /* Dry_Electrics.entitlements */ = {isa = PBXFileReference; lastKnownFileType = text.plist.entitlements; path = Dry_Electrics.entitlements; sourceTree = "<group>"; };
		9CD62777227791D600BFA348 /* main.swift */ = {isa = PBXFileReference; fileEncoding = 4; lastKnownFileType = sourcecode.swift; path = main.swift; sourceTree = "<group>"; };
		9CD62778227791D600BFA348 /* Settings.swift */ = {isa = PBXFileReference; fileEncoding = 4; lastKnownFileType = sourcecode.swift; path = Settings.swift; sourceTree = "<group>"; };
		9CD62779227791D600BFA348 /* ElecsRow.swift */ = {isa = PBXFileReference; fileEncoding = 4; lastKnownFileType = sourcecode.swift; path = ElecsRow.swift; sourceTree = "<group>"; };
		9CD6277A227791D600BFA348 /* ChargeInfo.swift */ = {isa = PBXFileReference; fileEncoding = 4; lastKnownFileType = sourcecode.swift; path = ChargeInfo.swift; sourceTree = "<group>"; };
		9CD6277B227791D700BFA348 /* Utils.swift */ = {isa = PBXFileReference; fileEncoding = 4; lastKnownFileType = sourcecode.swift; path = Utils.swift; sourceTree = "<group>"; };
		9CD6278522779C2000BFA348 /* Electrics.app */ = {isa = PBXFileReference; explicitFileType = wrapper.application; includeInIndex = 0; path = Electrics.app; sourceTree = BUILT_PRODUCTS_DIR; };
		9CD6278722779C2000BFA348 /* AppDelegate.swift */ = {isa = PBXFileReference; lastKnownFileType = sourcecode.swift; path = AppDelegate.swift; sourceTree = "<group>"; };
		9CD6278922779C2000BFA348 /* ViewController.swift */ = {isa = PBXFileReference; lastKnownFileType = sourcecode.swift; path = ViewController.swift; sourceTree = "<group>"; };
		9CD6278C22779C2000BFA348 /* Base */ = {isa = PBXFileReference; lastKnownFileType = file.storyboard; name = Base; path = Base.lproj/Main.storyboard; sourceTree = "<group>"; };
		9CD6278E22779C2100BFA348 /* Assets.xcassets */ = {isa = PBXFileReference; lastKnownFileType = folder.assetcatalog; path = Assets.xcassets; sourceTree = "<group>"; };
		9CD6279122779C2100BFA348 /* Base */ = {isa = PBXFileReference; lastKnownFileType = file.storyboard; name = Base; path = Base.lproj/LaunchScreen.storyboard; sourceTree = "<group>"; };
		9CD6279322779C2100BFA348 /* Info.plist */ = {isa = PBXFileReference; lastKnownFileType = text.plist.xml; path = Info.plist; sourceTree = "<group>"; };
		9CD627AB2277DFBC00BFA348 /* Platform.swift */ = {isa = PBXFileReference; lastKnownFileType = sourcecode.swift; path = Platform.swift; sourceTree = "<group>"; };
		9CD627AE2277E6DD00BFA348 /* BatteryUtils.swift */ = {isa = PBXFileReference; lastKnownFileType = sourcecode.swift; path = BatteryUtils.swift; sourceTree = "<group>"; };
		9CD627B02277E6EA00BFA348 /* BatteryUtils.swift */ = {isa = PBXFileReference; lastKnownFileType = sourcecode.swift; path = BatteryUtils.swift; sourceTree = "<group>"; };
/* End PBXFileReference section */

/* Begin PBXFrameworksBuildPhase section */
		9CD627632277908700BFA348 /* Frameworks */ = {
			isa = PBXFrameworksBuildPhase;
			buildActionMask = 2147483647;
			files = (
			);
			runOnlyForDeploymentPostprocessing = 0;
		};
		9CD6278222779C2000BFA348 /* Frameworks */ = {
			isa = PBXFrameworksBuildPhase;
			buildActionMask = 2147483647;
			files = (
			);
			runOnlyForDeploymentPostprocessing = 0;
		};
/* End PBXFrameworksBuildPhase section */

/* Begin PBXGroup section */
		9CD6275D2277908700BFA348 = {
			isa = PBXGroup;
			children = (
				9CD627682277908700BFA348 /* Dry Electrics */,
				9CD627672277908700BFA348 /* Products */,
			);
			sourceTree = "<group>";
		};
		9CD627672277908700BFA348 /* Products */ = {
			isa = PBXGroup;
			children = (
				9CD627662277908700BFA348 /* Dry Electrics.app */,
				9CD6278522779C2000BFA348 /* Electrics.app */,
			);
			name = Products;
			sourceTree = "<group>";
		};
		9CD627682277908700BFA348 /* Dry Electrics */ = {
			isa = PBXGroup;
			children = (
				9CD627992277DDF200BFA348 /* common */,
				9CD627982277DDBA00BFA348 /* macOS */,
				9CD627972277DDB500BFA348 /* iOS */,
			);
			path = "Dry Electrics";
			sourceTree = "<group>";
		};
		9CD627972277DDB500BFA348 /* iOS */ = {
			isa = PBXGroup;
			children = (
				9CD6278722779C2000BFA348 /* AppDelegate.swift */,
				9CD6278922779C2000BFA348 /* ViewController.swift */,
				9CD627B02277E6EA00BFA348 /* BatteryUtils.swift */,
				9CD6278B22779C2000BFA348 /* Main.storyboard */,
				9CD6278E22779C2100BFA348 /* Assets.xcassets */,
				9CD6279022779C2100BFA348 /* LaunchScreen.storyboard */,
				9CD6279322779C2100BFA348 /* Info.plist */,
			);
			path = iOS;
			sourceTree = "<group>";
		};
		9CD627982277DDBA00BFA348 /* macOS */ = {
			isa = PBXGroup;
			children = (
				9CD62777227791D600BFA348 /* main.swift */,
				9CD62779227791D600BFA348 /* ElecsRow.swift */,
				9CD627AE2277E6DD00BFA348 /* BatteryUtils.swift */,
				9CD6276B2277908800BFA348 /* Assets.xcassets */,
				9CD627702277908800BFA348 /* Info.plist */,
				9CD627712277908800BFA348 /* Dry_Electrics.entitlements */,
			);
			path = macOS;
			sourceTree = "<group>";
		};
		9CD627992277DDF200BFA348 /* common */ = {
			isa = PBXGroup;
			children = (
				9CD6277A227791D600BFA348 /* ChargeInfo.swift */,
				9CD62778227791D600BFA348 /* Settings.swift */,
				9CD6277B227791D700BFA348 /* Utils.swift */,
				9CD627AB2277DFBC00BFA348 /* Platform.swift */,
			);
			path = common;
			sourceTree = "<group>";
		};
/* End PBXGroup section */

/* Begin PBXNativeTarget section */
		9CD627652277908700BFA348 /* Dry Electrics */ = {
			isa = PBXNativeTarget;
			buildConfigurationList = 9CD627742277908800BFA348 /* Build configuration list for PBXNativeTarget "Dry Electrics" */;
			buildPhases = (
				9CD627622277908700BFA348 /* Sources */,
				9CD627632277908700BFA348 /* Frameworks */,
				9CD627642277908700BFA348 /* Resources */,
			);
			buildRules = (
			);
			dependencies = (
			);
			name = "Dry Electrics";
			productName = "Dry Electrics";
			productReference = 9CD627662277908700BFA348 /* Dry Electrics.app */;
			productType = "com.apple.product-type.application";
		};
		9CD6278422779C2000BFA348 /* Electrics */ = {
			isa = PBXNativeTarget;
			buildConfigurationList = 9CD6279622779C2100BFA348 /* Build configuration list for PBXNativeTarget "Electrics" */;
			buildPhases = (
				9CD6278122779C2000BFA348 /* Sources */,
				9CD6278222779C2000BFA348 /* Frameworks */,
				9CD6278322779C2000BFA348 /* Resources */,
			);
			buildRules = (
			);
			dependencies = (
			);
			name = Electrics;
			productName = Electrics;
			productReference = 9CD6278522779C2000BFA348 /* Electrics.app */;
			productType = "com.apple.product-type.application";
		};
/* End PBXNativeTarget section */

/* Begin PBXProject section */
		9CD6275E2277908700BFA348 /* Project object */ = {
			isa = PBXProject;
			attributes = {
				LastSwiftUpdateCheck = 1010;
				LastUpgradeCheck = 1010;
				ORGANIZATIONNAME = "wet-elecs";
				TargetAttributes = {
					9CD627652277908700BFA348 = {
						CreatedOnToolsVersion = 10.1;
					};
					9CD6278422779C2000BFA348 = {
						CreatedOnToolsVersion = 10.1;
						SystemCapabilities = {
							com.apple.BackgroundModes = {
								enabled = 1;
							};
						};
					};
				};
			};
			buildConfigurationList = 9CD627612277908700BFA348 /* Build configuration list for PBXProject "Dry Electrics" */;
			compatibilityVersion = "Xcode 9.3";
			developmentRegion = en;
			hasScannedForEncodings = 0;
			knownRegions = (
				en,
				Base,
			);
			mainGroup = 9CD6275D2277908700BFA348;
			productRefGroup = 9CD627672277908700BFA348 /* Products */;
			projectDirPath = "";
			projectRoot = "";
			targets = (
				9CD627652277908700BFA348 /* Dry Electrics */,
				9CD6278422779C2000BFA348 /* Electrics */,
			);
		};
/* End PBXProject section */

/* Begin PBXResourcesBuildPhase section */
		9CD627642277908700BFA348 /* Resources */ = {
			isa = PBXResourcesBuildPhase;
			buildActionMask = 2147483647;
			files = (
				9CD6279D2277DE2900BFA348 /* ChargeInfo.swift in Resources */,
				9CD6279E2277DE2900BFA348 /* ElecsRow.swift in Resources */,
				9CD6279F2277DE2900BFA348 /* Settings.swift in Resources */,
				9CD627A02277DE2900BFA348 /* Utils.swift in Resources */,
				9CD6279A2277DE2200BFA348 /* main.swift in Resources */,
				9CD6276C2277908800BFA348 /* Assets.xcassets in Resources */,
			);
			runOnlyForDeploymentPostprocessing = 0;
		};
		9CD6278322779C2000BFA348 /* Resources */ = {
			isa = PBXResourcesBuildPhase;
			buildActionMask = 2147483647;
			files = (
				9CD627A32277DEF400BFA348 /* ChargeInfo.swift in Resources */,
				9CD627A52277DEF400BFA348 /* Settings.swift in Resources */,
				9CD627A62277DEF400BFA348 /* Utils.swift in Resources */,
				9CD627A12277DEDF00BFA348 /* AppDelegate.swift in Resources */,
				9CD627A22277DEDF00BFA348 /* ViewController.swift in Resources */,
				9CD6279222779C2100BFA348 /* LaunchScreen.storyboard in Resources */,
				9CD6278F22779C2100BFA348 /* Assets.xcassets in Resources */,
				9CD6278D22779C2000BFA348 /* Main.storyboard in Resources */,
			);
			runOnlyForDeploymentPostprocessing = 0;
		};
/* End PBXResourcesBuildPhase section */

/* Begin PBXSourcesBuildPhase section */
		9CD627622277908700BFA348 /* Sources */ = {
			isa = PBXSourcesBuildPhase;
			buildActionMask = 2147483647;
			files = (
				9CD627AF2277E6DD00BFA348 /* BatteryUtils.swift in Sources */,
				9CD627AC2277DFBC00BFA348 /* Platform.swift in Sources */,
				9CD6277D227791D700BFA348 /* Settings.swift in Sources */,
				9CD6277E227791D700BFA348 /* ElecsRow.swift in Sources */,
				9CD6277F227791D700BFA348 /* ChargeInfo.swift in Sources */,
				9CD6277C227791D700BFA348 /* main.swift in Sources */,
				9CD62780227791D700BFA348 /* Utils.swift in Sources */,
			);
			runOnlyForDeploymentPostprocessing = 0;
		};
		9CD6278122779C2000BFA348 /* Sources */ = {
			isa = PBXSourcesBuildPhase;
			buildActionMask = 2147483647;
			files = (
				9CD627B12277E6EA00BFA348 /* BatteryUtils.swift in Sources */,
				9CD627AD2277DFBC00BFA348 /* Platform.swift in Sources */,
				9CD627A72277DF5B00BFA348 /* ChargeInfo.swift in Sources */,
				9CD627A92277DF5B00BFA348 /* Settings.swift in Sources */,
				9CD627AA2277DF5B00BFA348 /* Utils.swift in Sources */,
				9CD6278A22779C2000BFA348 /* ViewController.swift in Sources */,
				9CD6278822779C2000BFA348 /* AppDelegate.swift in Sources */,
			);
			runOnlyForDeploymentPostprocessing = 0;
		};
/* End PBXSourcesBuildPhase section */

/* Begin PBXVariantGroup section */
		9CD6278B22779C2000BFA348 /* Main.storyboard */ = {
			isa = PBXVariantGroup;
			children = (
				9CD6278C22779C2000BFA348 /* Base */,
			);
			name = Main.storyboard;
			sourceTree = "<group>";
		};
		9CD6279022779C2100BFA348 /* LaunchScreen.storyboard */ = {
			isa = PBXVariantGroup;
			children = (
				9CD6279122779C2100BFA348 /* Base */,
			);
			name = LaunchScreen.storyboard;
			sourceTree = "<group>";
		};
/* End PBXVariantGroup section */

/* Begin XCBuildConfiguration section */
		9CD627722277908800BFA348 /* Debug */ = {
			isa = XCBuildConfiguration;
			buildSettings = {
				ALWAYS_SEARCH_USER_PATHS = NO;
				CLANG_ANALYZER_NONNULL = YES;
				CLANG_ANALYZER_NUMBER_OBJECT_CONVERSION = YES_AGGRESSIVE;
				CLANG_CXX_LANGUAGE_STANDARD = "gnu++14";
				CLANG_CXX_LIBRARY = "libc++";
				CLANG_ENABLE_MODULES = YES;
				CLANG_ENABLE_OBJC_ARC = YES;
				CLANG_ENABLE_OBJC_WEAK = YES;
				CLANG_WARN_BLOCK_CAPTURE_AUTORELEASING = YES;
				CLANG_WARN_BOOL_CONVERSION = YES;
				CLANG_WARN_COMMA = YES;
				CLANG_WARN_CONSTANT_CONVERSION = YES;
				CLANG_WARN_DEPRECATED_OBJC_IMPLEMENTATIONS = YES;
				CLANG_WARN_DIRECT_OBJC_ISA_USAGE = YES_ERROR;
				CLANG_WARN_DOCUMENTATION_COMMENTS = YES;
				CLANG_WARN_EMPTY_BODY = YES;
				CLANG_WARN_ENUM_CONVERSION = YES;
				CLANG_WARN_INFINITE_RECURSION = YES;
				CLANG_WARN_INT_CONVERSION = YES;
				CLANG_WARN_NON_LITERAL_NULL_CONVERSION = YES;
				CLANG_WARN_OBJC_IMPLICIT_RETAIN_SELF = YES;
				CLANG_WARN_OBJC_LITERAL_CONVERSION = YES;
				CLANG_WARN_OBJC_ROOT_CLASS = YES_ERROR;
				CLANG_WARN_RANGE_LOOP_ANALYSIS = YES;
				CLANG_WARN_STRICT_PROTOTYPES = YES;
				CLANG_WARN_SUSPICIOUS_MOVE = YES;
				CLANG_WARN_UNGUARDED_AVAILABILITY = YES_AGGRESSIVE;
				CLANG_WARN_UNREACHABLE_CODE = YES;
				CLANG_WARN__DUPLICATE_METHOD_MATCH = YES;
				CODE_SIGN_IDENTITY = "Mac Developer";
				COPY_PHASE_STRIP = NO;
				DEBUG_INFORMATION_FORMAT = dwarf;
				ENABLE_STRICT_OBJC_MSGSEND = YES;
				ENABLE_TESTABILITY = YES;
				GCC_C_LANGUAGE_STANDARD = gnu11;
				GCC_DYNAMIC_NO_PIC = NO;
				GCC_NO_COMMON_BLOCKS = YES;
				GCC_OPTIMIZATION_LEVEL = 0;
				GCC_PREPROCESSOR_DEFINITIONS = (
					"DEBUG=1",
					"$(inherited)",
				);
				GCC_WARN_64_TO_32_BIT_CONVERSION = YES;
				GCC_WARN_ABOUT_RETURN_TYPE = YES_ERROR;
				GCC_WARN_UNDECLARED_SELECTOR = YES;
				GCC_WARN_UNINITIALIZED_AUTOS = YES_AGGRESSIVE;
				GCC_WARN_UNUSED_FUNCTION = YES;
				GCC_WARN_UNUSED_VARIABLE = YES;
				MACOSX_DEPLOYMENT_TARGET = 10.9;
				MTL_ENABLE_DEBUG_INFO = INCLUDE_SOURCE;
				MTL_FAST_MATH = YES;
				ONLY_ACTIVE_ARCH = YES;
				SDKROOT = macosx;
				SWIFT_ACTIVE_COMPILATION_CONDITIONS = DEBUG;
				SWIFT_OPTIMIZATION_LEVEL = "-Onone";
			};
			name = Debug;
		};
		9CD627732277908800BFA348 /* Release */ = {
			isa = XCBuildConfiguration;
			buildSettings = {
				ALWAYS_SEARCH_USER_PATHS = NO;
				CLANG_ANALYZER_NONNULL = YES;
				CLANG_ANALYZER_NUMBER_OBJECT_CONVERSION = YES_AGGRESSIVE;
				CLANG_CXX_LANGUAGE_STANDARD = "gnu++14";
				CLANG_CXX_LIBRARY = "libc++";
				CLANG_ENABLE_MODULES = YES;
				CLANG_ENABLE_OBJC_ARC = YES;
				CLANG_ENABLE_OBJC_WEAK = YES;
				CLANG_WARN_BLOCK_CAPTURE_AUTORELEASING = YES;
				CLANG_WARN_BOOL_CONVERSION = YES;
				CLANG_WARN_COMMA = YES;
				CLANG_WARN_CONSTANT_CONVERSION = YES;
				CLANG_WARN_DEPRECATED_OBJC_IMPLEMENTATIONS = YES;
				CLANG_WARN_DIRECT_OBJC_ISA_USAGE = YES_ERROR;
				CLANG_WARN_DOCUMENTATION_COMMENTS = YES;
				CLANG_WARN_EMPTY_BODY = YES;
				CLANG_WARN_ENUM_CONVERSION = YES;
				CLANG_WARN_INFINITE_RECURSION = YES;
				CLANG_WARN_INT_CONVERSION = YES;
				CLANG_WARN_NON_LITERAL_NULL_CONVERSION = YES;
				CLANG_WARN_OBJC_IMPLICIT_RETAIN_SELF = YES;
				CLANG_WARN_OBJC_LITERAL_CONVERSION = YES;
				CLANG_WARN_OBJC_ROOT_CLASS = YES_ERROR;
				CLANG_WARN_RANGE_LOOP_ANALYSIS = YES;
				CLANG_WARN_STRICT_PROTOTYPES = YES;
				CLANG_WARN_SUSPICIOUS_MOVE = YES;
				CLANG_WARN_UNGUARDED_AVAILABILITY = YES_AGGRESSIVE;
				CLANG_WARN_UNREACHABLE_CODE = YES;
				CLANG_WARN__DUPLICATE_METHOD_MATCH = YES;
				CODE_SIGN_IDENTITY = "Mac Developer";
				COPY_PHASE_STRIP = NO;
				DEBUG_INFORMATION_FORMAT = "dwarf-with-dsym";
				ENABLE_NS_ASSERTIONS = NO;
				ENABLE_STRICT_OBJC_MSGSEND = YES;
				GCC_C_LANGUAGE_STANDARD = gnu11;
				GCC_NO_COMMON_BLOCKS = YES;
				GCC_WARN_64_TO_32_BIT_CONVERSION = YES;
				GCC_WARN_ABOUT_RETURN_TYPE = YES_ERROR;
				GCC_WARN_UNDECLARED_SELECTOR = YES;
				GCC_WARN_UNINITIALIZED_AUTOS = YES_AGGRESSIVE;
				GCC_WARN_UNUSED_FUNCTION = YES;
				GCC_WARN_UNUSED_VARIABLE = YES;
				MACOSX_DEPLOYMENT_TARGET = 10.9;
				MTL_ENABLE_DEBUG_INFO = NO;
				MTL_FAST_MATH = YES;
				SDKROOT = macosx;
				SWIFT_COMPILATION_MODE = wholemodule;
				SWIFT_OPTIMIZATION_LEVEL = "-O";
			};
			name = Release;
		};
		9CD627752277908800BFA348 /* Debug */ = {
			isa = XCBuildConfiguration;
			buildSettings = {
				ASSETCATALOG_COMPILER_APPICON_NAME = AppIcon;
				CODE_SIGN_STYLE = Automatic;
				COMBINE_HIDPI_IMAGES = YES;
				DEVELOPMENT_TEAM = 9UDT7LSCEF;
				INFOPLIST_FILE = "$(SRCROOT)/Dry Electrics/macOS/Info.plist";
				LD_RUNPATH_SEARCH_PATHS = (
					"$(inherited)",
					"@executable_path/../Frameworks",
				);
				PRODUCT_BUNDLE_IDENTIFIER = "dry.Dry-Electrics";
				PRODUCT_NAME = "$(TARGET_NAME)";
				SWIFT_VERSION = 4.2;
			};
			name = Debug;
		};
		9CD627762277908800BFA348 /* Release */ = {
			isa = XCBuildConfiguration;
			buildSettings = {
				ASSETCATALOG_COMPILER_APPICON_NAME = AppIcon;
				CODE_SIGN_STYLE = Automatic;
				COMBINE_HIDPI_IMAGES = YES;
				DEVELOPMENT_TEAM = 9UDT7LSCEF;
				INFOPLIST_FILE = "$(SRCROOT)/Dry Electrics/macOS/Info.plist";
				LD_RUNPATH_SEARCH_PATHS = (
					"$(inherited)",
					"@executable_path/../Frameworks",
				);
				PRODUCT_BUNDLE_IDENTIFIER = "dry.Dry-Electrics";
				PRODUCT_NAME = "$(TARGET_NAME)";
				SWIFT_VERSION = 4.2;
			};
			name = Release;
		};
		9CD6279422779C2100BFA348 /* Debug */ = {
			isa = XCBuildConfiguration;
			buildSettings = {
				ASSETCATALOG_COMPILER_APPICON_NAME = AppIcon;
				CODE_SIGN_IDENTITY = "iPhone Developer";
				CODE_SIGN_STYLE = Automatic;
				DEVELOPMENT_TEAM = 9UDT7LSCEF;
				INFOPLIST_FILE = "$(SRCROOT)/Dry Electrics/iOS/Info.plist";
				IPHONEOS_DEPLOYMENT_TARGET = 10.0;
				LD_RUNPATH_SEARCH_PATHS = (
					"$(inherited)",
					"@executable_path/Frameworks",
				);
				PRODUCT_BUNDLE_IDENTIFIER = dry.Electrics;
				PRODUCT_NAME = "$(TARGET_NAME)";
				SDKROOT = iphoneos;
				SWIFT_VERSION = 4.2;
				TARGETED_DEVICE_FAMILY = "1,2";
			};
			name = Debug;
		};
		9CD6279522779C2100BFA348 /* Release */ = {
			isa = XCBuildConfiguration;
			buildSettings = {
				ASSETCATALOG_COMPILER_APPICON_NAME = AppIcon;
				CODE_SIGN_IDENTITY = "iPhone Developer";
				CODE_SIGN_STYLE = Automatic;
				DEVELOPMENT_TEAM = 9UDT7LSCEF;
				INFOPLIST_FILE = "$(SRCROOT)/Dry Electrics/iOS/Info.plist";
				IPHONEOS_DEPLOYMENT_TARGET = 10.0;
				LD_RUNPATH_SEARCH_PATHS = (
					"$(inherited)",
					"@executable_path/Frameworks",
				);
				PRODUCT_BUNDLE_IDENTIFIER = dry.Electrics;
				PRODUCT_NAME = "$(TARGET_NAME)";
				SDKROOT = iphoneos;
				SWIFT_VERSION = 4.2;
				TARGETED_DEVICE_FAMILY = "1,2";
				VALIDATE_PRODUCT = YES;
			};
			name = Release;
		};
/* End XCBuildConfiguration section */

/* Begin XCConfigurationList section */
		9CD627612277908700BFA348 /* Build configuration list for PBXProject "Dry Electrics" */ = {
			isa = XCConfigurationList;
			buildConfigurations = (
				9CD627722277908800BFA348 /* Debug */,
				9CD627732277908800BFA348 /* Release */,
			);
			defaultConfigurationIsVisible = 0;
			defaultConfigurationName = Release;
		};
		9CD627742277908800BFA348 /* Build configuration list for PBXNativeTarget "Dry Electrics" */ = {
			isa = XCConfigurationList;
			buildConfigurations = (
				9CD627752277908800BFA348 /* Debug */,
				9CD627762277908800BFA348 /* Release */,
			);
			defaultConfigurationIsVisible = 0;
			defaultConfigurationName = Release;
		};
		9CD6279622779C2100BFA348 /* Build configuration list for PBXNativeTarget "Electrics" */ = {
			isa = XCConfigurationList;
			buildConfigurations = (
				9CD6279422779C2100BFA348 /* Debug */,
				9CD6279522779C2100BFA348 /* Release */,
			);
			defaultConfigurationIsVisible = 0;
			defaultConfigurationName = Release;
		};
/* End XCConfigurationList section */
	};
	rootObject = 9CD6275E2277908700BFA348 /* Project object */;
}
