// !$*UTF8*$!
{
	archiveVersion = 1;
	classes = {
	};
	objectVersion = 48;
	objects = {

/* Begin PBXBuildFile section */
		9C2E90C62273C2E0003A6263 /* Utils.swift in Sources */ = {isa = PBXBuildFile; fileRef = 9C2E90C52273C2E0003A6263 /* Utils.swift */; };
		9C2E90C82273CFE1003A6263 /* ElecsRow.swift in Sources */ = {isa = PBXBuildFile; fileRef = 9C2E90C72273CFE1003A6263 /* ElecsRow.swift */; };
		9C34F9A5200EEC9300EA3EA7 /* IOKit.framework in Frameworks */ = {isa = PBXBuildFile; fileRef = 9C34F9A4200EEC9300EA3EA7 /* IOKit.framework */; };
		9C522ED3200C704C00E201B5 /* ApplicationServices.framework in Frameworks */ = {isa = PBXBuildFile; fileRef = 9C345B4C200B157E00B54969 /* ApplicationServices.framework */; };
		9C522ED9200C777B00E201B5 /* main.swift in Sources */ = {isa = PBXBuildFile; fileRef = 9C522ED8200C777B00E201B5 /* main.swift */; };
		9CACBB7D21E682F50011F34B /* ChargeInfo.swift in Sources */ = {isa = PBXBuildFile; fileRef = 9CACBB7C21E682F50011F34B /* ChargeInfo.swift */; };
/* End PBXBuildFile section */

/* Begin PBXCopyFilesBuildPhase section */
		9C522EC7200C6D8900E201B5 /* CopyFiles */ = {
			isa = PBXCopyFilesBuildPhase;
			buildActionMask = 2147483647;
			dstPath = /usr/share/man/man1/;
			dstSubfolderSpec = 0;
			files = (
			);
			runOnlyForDeploymentPostprocessing = 1;
		};
/* End PBXCopyFilesBuildPhase section */

/* Begin PBXFileReference section */
		9C2E90C52273C2E0003A6263 /* Utils.swift */ = {isa = PBXFileReference; lastKnownFileType = sourcecode.swift; path = Utils.swift; sourceTree = "<group>"; };
		9C2E90C72273CFE1003A6263 /* ElecsRow.swift */ = {isa = PBXFileReference; lastKnownFileType = sourcecode.swift; path = ElecsRow.swift; sourceTree = "<group>"; };
		9C345B4C200B157E00B54969 /* ApplicationServices.framework */ = {isa = PBXFileReference; lastKnownFileType = wrapper.framework; name = ApplicationServices.framework; path = System/Library/Frameworks/ApplicationServices.framework; sourceTree = SDKROOT; };
		9C345B4E200B26F100B54969 /* GlassCon.xcodeproj */ = {isa = PBXFileReference; lastKnownFileType = "wrapper.pb-project"; path = GlassCon.xcodeproj; sourceTree = "<group>"; };
		9C345B51200B26FE00B54969 /* xcuserdata */ = {isa = PBXFileReference; lastKnownFileType = folder; name = xcuserdata; path = GlassCon.xcodeproj/xcuserdata; sourceTree = "<group>"; };
		9C34F9A4200EEC9300EA3EA7 /* IOKit.framework */ = {isa = PBXFileReference; lastKnownFileType = wrapper.framework; name = IOKit.framework; path = System/Library/Frameworks/IOKit.framework; sourceTree = SDKROOT; };
		9C46F59D2009BCEF00F9E926 /* CoreGraphics.framework */ = {isa = PBXFileReference; lastKnownFileType = wrapper.framework; name = CoreGraphics.framework; path = System/Library/Frameworks/CoreGraphics.framework; sourceTree = SDKROOT; };
		9C522EC9200C6D8900E201B5 /* Elecs */ = {isa = PBXFileReference; explicitFileType = "compiled.mach-o.executable"; includeInIndex = 0; path = Elecs; sourceTree = BUILT_PRODUCTS_DIR; };
		9C522ED8200C777B00E201B5 /* main.swift */ = {isa = PBXFileReference; lastKnownFileType = sourcecode.swift; path = main.swift; sourceTree = "<group>"; };
		9C6A66562036E69C008B3321 /* ApplicationServices.framework */ = {isa = PBXFileReference; lastKnownFileType = wrapper.framework; name = ApplicationServices.framework; path = Platforms/MacOSX.platform/Developer/SDKs/MacOSX.sdk/System/Library/Frameworks/ApplicationServices.framework; sourceTree = DEVELOPER_DIR; };
		9CACBB7C21E682F50011F34B /* ChargeInfo.swift */ = {isa = PBXFileReference; lastKnownFileType = sourcecode.swift; path = ChargeInfo.swift; sourceTree = "<group>"; };
		9CF17B3C200C53CB00B65DC5 /* MultitouchSupport.framework */ = {isa = PBXFileReference; lastKnownFileType = wrapper.framework; name = MultitouchSupport.framework; path = ../../../../../../../System/Library/PrivateFrameworks/MultitouchSupport.framework; sourceTree = "<group>"; };
/* End PBXFileReference section */

/* Begin PBXFrameworksBuildPhase section */
		9C522EC6200C6D8900E201B5 /* Frameworks */ = {
			isa = PBXFrameworksBuildPhase;
			buildActionMask = 2147483647;
			files = (
				9C34F9A5200EEC9300EA3EA7 /* IOKit.framework in Frameworks */,
				9C522ED3200C704C00E201B5 /* ApplicationServices.framework in Frameworks */,
			);
			runOnlyForDeploymentPostprocessing = 0;
		};
/* End PBXFrameworksBuildPhase section */

/* Begin PBXGroup section */
		9C345B4F200B26F100B54969 /* Products */ = {
			isa = PBXGroup;
			name = Products;
			sourceTree = "<group>";
		};
		9C46F5852009B7C000F9E926 = {
			isa = PBXGroup;
			children = (
				9C522ECA200C6D8900E201B5 /* elecs */,
				9C46F5912009B7E900F9E926 /* Products */,
				9C46F59C2009BCEE00F9E926 /* Frameworks */,
			);
			sourceTree = "<group>";
		};
		9C46F5912009B7E900F9E926 /* Products */ = {
			isa = PBXGroup;
			children = (
				9C522EC9200C6D8900E201B5 /* Elecs */,
			);
			name = Products;
			sourceTree = "<group>";
		};
		9C46F59C2009BCEE00F9E926 /* Frameworks */ = {
			isa = PBXGroup;
			children = (
				9C6A66562036E69C008B3321 /* ApplicationServices.framework */,
				9C34F9A4200EEC9300EA3EA7 /* IOKit.framework */,
				9CF17B3C200C53CB00B65DC5 /* MultitouchSupport.framework */,
				9C345B51200B26FE00B54969 /* xcuserdata */,
				9C345B4E200B26F100B54969 /* GlassCon.xcodeproj */,
				9C345B4C200B157E00B54969 /* ApplicationServices.framework */,
				9C46F59D2009BCEF00F9E926 /* CoreGraphics.framework */,
			);
			name = Frameworks;
			sourceTree = "<group>";
		};
		9C522ECA200C6D8900E201B5 /* elecs */ = {
			isa = PBXGroup;
			children = (
				9C522ED8200C777B00E201B5 /* main.swift */,
				9CACBB7C21E682F50011F34B /* ChargeInfo.swift */,
				9C2E90C52273C2E0003A6263 /* Utils.swift */,
				9C2E90C72273CFE1003A6263 /* ElecsRow.swift */,
			);
			path = elecs;
			sourceTree = "<group>";
		};
/* End PBXGroup section */

/* Begin PBXNativeTarget section */
		9C522EC8200C6D8900E201B5 /* Elecs */ = {
			isa = PBXNativeTarget;
			buildConfigurationList = 9C522ECD200C6D8900E201B5 /* Build configuration list for PBXNativeTarget "Elecs" */;
			buildPhases = (
				9C522EC5200C6D8900E201B5 /* Sources */,
				9C522EC6200C6D8900E201B5 /* Frameworks */,
				9C522EC7200C6D8900E201B5 /* CopyFiles */,
			);
			buildRules = (
			);
			dependencies = (
			);
			name = Elecs;
			productName = glass;
			productReference = 9C522EC9200C6D8900E201B5 /* Elecs */;
			productType = "com.apple.product-type.tool";
		};
/* End PBXNativeTarget section */

/* Begin PBXProject section */
		9C46F5862009B7C000F9E926 /* Project object */ = {
			isa = PBXProject;
			attributes = {
				LastSwiftUpdateCheck = 0920;
				LastUpgradeCheck = 0920;
				TargetAttributes = {
					9C522EC8200C6D8900E201B5 = {
						CreatedOnToolsVersion = 9.2;
						LastSwiftMigration = 0920;
						ProvisioningStyle = Automatic;
					};
				};
			};
			buildConfigurationList = 9C46F5892009B7C000F9E926 /* Build configuration list for PBXProject "Elecs" */;
			compatibilityVersion = "Xcode 8.0";
			developmentRegion = en;
			hasScannedForEncodings = 0;
			knownRegions = (
				en,
				Base,
			);
			mainGroup = 9C46F5852009B7C000F9E926;
			productRefGroup = 9C46F5912009B7E900F9E926 /* Products */;
			projectDirPath = "";
			projectReferences = (
				{
					ProductGroup = 9C345B4F200B26F100B54969 /* Products */;
					ProjectRef = 9C345B4E200B26F100B54969 /* GlassCon.xcodeproj */;
				},
			);
			projectRoot = "";
			targets = (
				9C522EC8200C6D8900E201B5 /* Elecs */,
			);
		};
/* End PBXProject section */

/* Begin PBXSourcesBuildPhase section */
		9C522EC5200C6D8900E201B5 /* Sources */ = {
			isa = PBXSourcesBuildPhase;
			buildActionMask = 2147483647;
			files = (
				9CACBB7D21E682F50011F34B /* ChargeInfo.swift in Sources */,
				9C2E90C82273CFE1003A6263 /* ElecsRow.swift in Sources */,
				9C522ED9200C777B00E201B5 /* main.swift in Sources */,
				9C2E90C62273C2E0003A6263 /* Utils.swift in Sources */,
			);
			runOnlyForDeploymentPostprocessing = 0;
		};
/* End PBXSourcesBuildPhase section */

/* Begin XCBuildConfiguration section */
		9C46F58A2009B7C000F9E926 /* Debug */ = {
			isa = XCBuildConfiguration;
			buildSettings = {
			};
			name = Debug;
		};
		9C46F58B2009B7C000F9E926 /* Release */ = {
			isa = XCBuildConfiguration;
			buildSettings = {
			};
			name = Release;
		};
		9C522ECE200C6D8900E201B5 /* Debug */ = {
			isa = XCBuildConfiguration;
			buildSettings = {
				ALWAYS_SEARCH_USER_PATHS = NO;
				CLANG_ANALYZER_NONNULL = YES;
				CLANG_ANALYZER_NUMBER_OBJECT_CONVERSION = YES_AGGRESSIVE;
				CLANG_CXX_LANGUAGE_STANDARD = "gnu++14";
				CLANG_CXX_LIBRARY = "libc++";
				CLANG_ENABLE_MODULES = YES;
				CLANG_ENABLE_OBJC_ARC = YES;
				CLANG_WARN_BLOCK_CAPTURE_AUTORELEASING = YES;
				CLANG_WARN_BOOL_CONVERSION = YES;
				CLANG_WARN_COMMA = YES;
				CLANG_WARN_CONSTANT_CONVERSION = YES;
				CLANG_WARN_DIRECT_OBJC_ISA_USAGE = YES_ERROR;
				CLANG_WARN_DOCUMENTATION_COMMENTS = YES;
				CLANG_WARN_EMPTY_BODY = YES;
				CLANG_WARN_ENUM_CONVERSION = YES;
				CLANG_WARN_INFINITE_RECURSION = YES;
				CLANG_WARN_INT_CONVERSION = YES;
				CLANG_WARN_NON_LITERAL_NULL_CONVERSION = YES;
				CLANG_WARN_OBJC_LITERAL_CONVERSION = YES;
				CLANG_WARN_OBJC_ROOT_CLASS = YES_ERROR;
				CLANG_WARN_RANGE_LOOP_ANALYSIS = YES;
				CLANG_WARN_STRICT_PROTOTYPES = YES;
				CLANG_WARN_SUSPICIOUS_MOVE = YES;
				CLANG_WARN_UNGUARDED_AVAILABILITY = YES_AGGRESSIVE;
				CLANG_WARN_UNREACHABLE_CODE = YES;
				CLANG_WARN__DUPLICATE_METHOD_MATCH = YES;
				CODE_SIGN_IDENTITY = "Mac Developer";
				CODE_SIGN_STYLE = Automatic;
				COPY_PHASE_STRIP = NO;
				DEBUG_INFORMATION_FORMAT = dwarf;
				DEVELOPMENT_TEAM = 9UDT7LSCEF;
				ENABLE_STRICT_OBJC_MSGSEND = YES;
				ENABLE_TESTABILITY = YES;
				FRAMEWORK_SEARCH_PATHS = (
					"$(inherited)",
					"$(SYSTEM_LIBRARY_DIR)/PrivateFrameworks",
				);
				GCC_C_LANGUAGE_STANDARD = gnu11;
				GCC_DYNAMIC_NO_PIC = NO;
				GCC_NO_COMMON_BLOCKS = YES;
				GCC_OPTIMIZATION_LEVEL = 0;
				GCC_PREPROCESSOR_DEFINITIONS = (
					"DEBUG=1",
					"$(inherited)",
				);
				GCC_WARN_64_TO_32_BIT_CONVERSION = YES;
				GCC_WARN_ABOUT_RETURN_TYPE = YES_ERROR;
				GCC_WARN_UNDECLARED_SELECTOR = YES;
				GCC_WARN_UNINITIALIZED_AUTOS = YES_AGGRESSIVE;
				GCC_WARN_UNUSED_FUNCTION = YES;
				GCC_WARN_UNUSED_VARIABLE = YES;
				LD_RUNPATH_SEARCH_PATHS = "$(inherited) @executable_path/../Frameworks @loader_path/../Frameworks";
				MACOSX_DEPLOYMENT_TARGET = 10.9;
				MTL_ENABLE_DEBUG_INFO = YES;
				ONLY_ACTIVE_ARCH = YES;
				PRODUCT_NAME = "$(TARGET_NAME)";
				SDKROOT = macosx;
				SWIFT_OPTIMIZATION_LEVEL = "-Onone";
				SWIFT_VERSION = 3.0;
			};
			name = Debug;
		};
		9C522ECF200C6D8900E201B5 /* Release */ = {
			isa = XCBuildConfiguration;
			buildSettings = {
				ALWAYS_SEARCH_USER_PATHS = NO;
				CLANG_ANALYZER_NONNULL = YES;
				CLANG_ANALYZER_NUMBER_OBJECT_CONVERSION = YES_AGGRESSIVE;
				CLANG_CXX_LANGUAGE_STANDARD = "gnu++14";
				CLANG_CXX_LIBRARY = "libc++";
				CLANG_ENABLE_MODULES = YES;
				CLANG_ENABLE_OBJC_ARC = YES;
				CLANG_WARN_BLOCK_CAPTURE_AUTORELEASING = YES;
				CLANG_WARN_BOOL_CONVERSION = YES;
				CLANG_WARN_COMMA = YES;
				CLANG_WARN_CONSTANT_CONVERSION = YES;
				CLANG_WARN_DIRECT_OBJC_ISA_USAGE = YES_ERROR;
				CLANG_WARN_DOCUMENTATION_COMMENTS = YES;
				CLANG_WARN_EMPTY_BODY = YES;
				CLANG_WARN_ENUM_CONVERSION = YES;
				CLANG_WARN_INFINITE_RECURSION = YES;
				CLANG_WARN_INT_CONVERSION = YES;
				CLANG_WARN_NON_LITERAL_NULL_CONVERSION = YES;
				CLANG_WARN_OBJC_LITERAL_CONVERSION = YES;
				CLANG_WARN_OBJC_ROOT_CLASS = YES_ERROR;
				CLANG_WARN_RANGE_LOOP_ANALYSIS = YES;
				CLANG_WARN_STRICT_PROTOTYPES = YES;
				CLANG_WARN_SUSPICIOUS_MOVE = YES;
				CLANG_WARN_UNGUARDED_AVAILABILITY = YES_AGGRESSIVE;
				CLANG_WARN_UNREACHABLE_CODE = YES;
				CLANG_WARN__DUPLICATE_METHOD_MATCH = YES;
				CODE_SIGN_IDENTITY = "Mac Developer";
				CODE_SIGN_STYLE = Automatic;
				COPY_PHASE_STRIP = NO;
				DEBUG_INFORMATION_FORMAT = "dwarf-with-dsym";
				DEVELOPMENT_TEAM = 9UDT7LSCEF;
				ENABLE_NS_ASSERTIONS = NO;
				ENABLE_STRICT_OBJC_MSGSEND = YES;
				FRAMEWORK_SEARCH_PATHS = (
					"$(inherited)",
					"$(SYSTEM_LIBRARY_DIR)/PrivateFrameworks",
				);
				GCC_C_LANGUAGE_STANDARD = gnu11;
				GCC_NO_COMMON_BLOCKS = YES;
				GCC_WARN_64_TO_32_BIT_CONVERSION = YES;
				GCC_WARN_ABOUT_RETURN_TYPE = YES_ERROR;
				GCC_WARN_UNDECLARED_SELECTOR = YES;
				GCC_WARN_UNINITIALIZED_AUTOS = YES_AGGRESSIVE;
				GCC_WARN_UNUSED_FUNCTION = YES;
				GCC_WARN_UNUSED_VARIABLE = YES;
				LD_RUNPATH_SEARCH_PATHS = "$(inherited) @executable_path/../Frameworks @loader_path/../Frameworks";
				MACOSX_DEPLOYMENT_TARGET = 10.9;
				MTL_ENABLE_DEBUG_INFO = NO;
				PRODUCT_NAME = "$(TARGET_NAME)";
				SDKROOT = macosx;
				SWIFT_VERSION = 3.0;
			};
			name = Release;
		};
/* End XCBuildConfiguration section */

/* Begin XCConfigurationList section */
		9C46F5892009B7C000F9E926 /* Build configuration list for PBXProject "Elecs" */ = {
			isa = XCConfigurationList;
			buildConfigurations = (
				9C46F58A2009B7C000F9E926 /* Debug */,
				9C46F58B2009B7C000F9E926 /* Release */,
			);
			defaultConfigurationIsVisible = 0;
			defaultConfigurationName = Release;
		};
		9C522ECD200C6D8900E201B5 /* Build configuration list for PBXNativeTarget "Elecs" */ = {
			isa = XCConfigurationList;
			buildConfigurations = (
				9C522ECE200C6D8900E201B5 /* Debug */,
				9C522ECF200C6D8900E201B5 /* Release */,
			);
			defaultConfigurationIsVisible = 0;
			defaultConfigurationName = Release;
		};
/* End XCConfigurationList section */
	};
	rootObject = 9C46F5862009B7C000F9E926 /* Project object */;
}
